
Microsoft Visual Studio Solution File, Format Version 12.00
# Visual Studio Version 17
VisualStudioVersion = 17.0.31919.166
MinimumVisualStudioVersion = 10.0.40219.1
Project("{2150E333-8FDC-42A3-9474-1A3956D46DE8}") = "src", "src", "{46171B1C-64BA-444D-952F-70B875E4F072}"
EndProject
Project("{2150E333-8FDC-42A3-9474-1A3956D46DE8}") = "template", "template", "{92EB883D-389C-44F7-B4FE-6A09E00076C3}"
EndProject
Project("{FAE04EC0-301F-11D3-BF4B-00C04F79EFBC}") = "Lib.ClassLibraryTemplate", "template\Lib.ClassLibraryTemplate\Lib.ClassLibraryTemplate.csproj", "{FFBDA89E-A592-491E-B456-195C20D9921A}"
EndProject
Project("{FAE04EC0-301F-11D3-BF4B-00C04F79EFBC}") = "Lib.Core", "src\Lib.Core\Lib.Core.csproj", "{D5531078-CCB0-4D08-B3D6-99EB8EC7EA91}"
EndProject
Project("{FAE04EC0-301F-11D3-BF4B-00C04F79EFBC}") = "Lib.DapperORM", "src\Lib.Dapper\Lib.DapperORM.csproj", "{A649E251-1100-40A2-A9DA-71B6C3C74F95}"
EndProject
Project("{FAE04EC0-301F-11D3-BF4B-00C04F79EFBC}") = "Lib.Logger", "src\Lib.Logger\Lib.Logger.csproj", "{0BACA74E-A1E8-4D20-81D8-4E6DE275ADFF}"
EndProject
Project("{FAE04EC0-301F-11D3-BF4B-00C04F79EFBC}") = "Lib.Localization", "src\Lib.Localization\Lib.Localization.csproj", "{8015FD26-013E-4AF8-879B-EA4FCF55D008}"
EndProject
Project("{FAE04EC0-301F-11D3-BF4B-00C04F79EFBC}") = "Lib.DataTablesNet", "src\Lib.JSDataTable\Lib.DataTablesNet.csproj", "{26609CBC-FAD3-44C1-ADD0-F73BD9C97814}"
EndProject
Project("{2150E333-8FDC-42A3-9474-1A3956D46DE8}") = "test", "test", "{7214DABB-FF38-4C11-B993-649E894CAFA8}"
EndProject
Project("{FAE04EC0-301F-11D3-BF4B-00C04F79EFBC}") = "WebApplication1", "test\WebApplication1\WebApplication1.csproj", "{AE9907A7-F735-4928-BDF3-A981C7E8C192}"
EndProject
Project("{2150E333-8FDC-42A3-9474-1A3956D46DE8}") = "Extensions", "Extensions", "{23F6CE82-A09C-4910-83FA-C9F1156DDE5D}"
EndProject
Project("{FAE04EC0-301F-11D3-BF4B-00C04F79EFBC}") = "Lib.Extensions.System", "src\Extensions\Lib.Extensions.String\Lib.Extensions.System.csproj", "{50399CD1-27A5-4D25-A2F2-408774E2C07C}"
EndProject
Project("{FAE04EC0-301F-11D3-BF4B-00C04F79EFBC}") = "Lib.Extensions.System.ComponentModel", "Lib.Extensions.BackgroundWorker\Lib.Extensions.System.ComponentModel.csproj", "{172C1552-4108-4D28-85F5-B70692467FA9}"
EndProject
Project("{FAE04EC0-301F-11D3-BF4B-00C04F79EFBC}") = "Lib.Extensions.System.Data", "src\Extensions\Lib.Extensions.System.Data\Lib.Extensions.System.Data.csproj", "{B36BB774-78DF-40B9-9926-81757796673B}"
EndProject
Project("{FAE04EC0-301F-11D3-BF4B-00C04F79EFBC}") = "Lib.Extensions.System.Windows.Forms", "src\Extensions\Lib.Extensions.System.Windows.Forms\Lib.Extensions.System.Windows.Forms.csproj", "{7E74292E-76FF-4DF6-89A9-1AF616066336}"
EndProject
Project("{FAE04EC0-301F-11D3-BF4B-00C04F79EFBC}") = "Lib.Extensions.System.Collections", "src\Extensions\Lib.Extensions.System.Collections\Lib.Extensions.System.Collections.csproj", "{262CB273-36BE-463A-8204-3321CF208A04}"
EndProject
Project("{FAE04EC0-301F-11D3-BF4B-00C04F79EFBC}") = "Lib.Excel", "src\Lib.Excel\Lib.Excel.csproj", "{B89B3D29-A0DA-42E1-9820-7CFDE11CDAAE}"
EndProject
Global
	GlobalSection(SolutionConfigurationPlatforms) = preSolution
		Debug|Any CPU = Debug|Any CPU
		Release|Any CPU = Release|Any CPU
	EndGlobalSection
	GlobalSection(ProjectConfigurationPlatforms) = postSolution
		{FFBDA89E-A592-491E-B456-195C20D9921A}.Debug|Any CPU.ActiveCfg = Debug|Any CPU
		{FFBDA89E-A592-491E-B456-195C20D9921A}.Debug|Any CPU.Build.0 = Debug|Any CPU
		{FFBDA89E-A592-491E-B456-195C20D9921A}.Release|Any CPU.ActiveCfg = Release|Any CPU
		{FFBDA89E-A592-491E-B456-195C20D9921A}.Release|Any CPU.Build.0 = Release|Any CPU
		{D5531078-CCB0-4D08-B3D6-99EB8EC7EA91}.Debug|Any CPU.ActiveCfg = Debug|Any CPU
		{D5531078-CCB0-4D08-B3D6-99EB8EC7EA91}.Debug|Any CPU.Build.0 = Debug|Any CPU
		{D5531078-CCB0-4D08-B3D6-99EB8EC7EA91}.Release|Any CPU.ActiveCfg = Release|Any CPU
		{D5531078-CCB0-4D08-B3D6-99EB8EC7EA91}.Release|Any CPU.Build.0 = Release|Any CPU
		{A649E251-1100-40A2-A9DA-71B6C3C74F95}.Debug|Any CPU.ActiveCfg = Debug|Any CPU
		{A649E251-1100-40A2-A9DA-71B6C3C74F95}.Debug|Any CPU.Build.0 = Debug|Any CPU
		{A649E251-1100-40A2-A9DA-71B6C3C74F95}.Release|Any CPU.ActiveCfg = Release|Any CPU
		{A649E251-1100-40A2-A9DA-71B6C3C74F95}.Release|Any CPU.Build.0 = Release|Any CPU
		{0BACA74E-A1E8-4D20-81D8-4E6DE275ADFF}.Debug|Any CPU.ActiveCfg = Debug|Any CPU
		{0BACA74E-A1E8-4D20-81D8-4E6DE275ADFF}.Debug|Any CPU.Build.0 = Debug|Any CPU
		{0BACA74E-A1E8-4D20-81D8-4E6DE275ADFF}.Release|Any CPU.ActiveCfg = Release|Any CPU
		{0BACA74E-A1E8-4D20-81D8-4E6DE275ADFF}.Release|Any CPU.Build.0 = Release|Any CPU
		{8015FD26-013E-4AF8-879B-EA4FCF55D008}.Debug|Any CPU.ActiveCfg = Debug|Any CPU
		{8015FD26-013E-4AF8-879B-EA4FCF55D008}.Debug|Any CPU.Build.0 = Debug|Any CPU
		{8015FD26-013E-4AF8-879B-EA4FCF55D008}.Release|Any CPU.ActiveCfg = Release|Any CPU
		{8015FD26-013E-4AF8-879B-EA4FCF55D008}.Release|Any CPU.Build.0 = Release|Any CPU
		{26609CBC-FAD3-44C1-ADD0-F73BD9C97814}.Debug|Any CPU.ActiveCfg = Debug|Any CPU
		{26609CBC-FAD3-44C1-ADD0-F73BD9C97814}.Debug|Any CPU.Build.0 = Debug|Any CPU
		{26609CBC-FAD3-44C1-ADD0-F73BD9C97814}.Release|Any CPU.ActiveCfg = Release|Any CPU
		{26609CBC-FAD3-44C1-ADD0-F73BD9C97814}.Release|Any CPU.Build.0 = Release|Any CPU
		{AE9907A7-F735-4928-BDF3-A981C7E8C192}.Debug|Any CPU.ActiveCfg = Debug|Any CPU
		{AE9907A7-F735-4928-BDF3-A981C7E8C192}.Debug|Any CPU.Build.0 = Debug|Any CPU
		{AE9907A7-F735-4928-BDF3-A981C7E8C192}.Release|Any CPU.ActiveCfg = Release|Any CPU
		{AE9907A7-F735-4928-BDF3-A981C7E8C192}.Release|Any CPU.Build.0 = Release|Any CPU
		{50399CD1-27A5-4D25-A2F2-408774E2C07C}.Debug|Any CPU.ActiveCfg = Debug|Any CPU
		{50399CD1-27A5-4D25-A2F2-408774E2C07C}.Debug|Any CPU.Build.0 = Debug|Any CPU
		{50399CD1-27A5-4D25-A2F2-408774E2C07C}.Release|Any CPU.ActiveCfg = Release|Any CPU
		{50399CD1-27A5-4D25-A2F2-408774E2C07C}.Release|Any CPU.Build.0 = Release|Any CPU
		{172C1552-4108-4D28-85F5-B70692467FA9}.Debug|Any CPU.ActiveCfg = Debug|Any CPU
		{172C1552-4108-4D28-85F5-B70692467FA9}.Debug|Any CPU.Build.0 = Debug|Any CPU
		{172C1552-4108-4D28-85F5-B70692467FA9}.Release|Any CPU.ActiveCfg = Release|Any CPU
		{172C1552-4108-4D28-85F5-B70692467FA9}.Release|Any CPU.Build.0 = Release|Any CPU
		{B36BB774-78DF-40B9-9926-81757796673B}.Debug|Any CPU.ActiveCfg = Debug|Any CPU
		{B36BB774-78DF-40B9-9926-81757796673B}.Debug|Any CPU.Build.0 = Debug|Any CPU
		{B36BB774-78DF-40B9-9926-81757796673B}.Release|Any CPU.ActiveCfg = Release|Any CPU
		{B36BB774-78DF-40B9-9926-81757796673B}.Release|Any CPU.Build.0 = Release|Any CPU
		{7E74292E-76FF-4DF6-89A9-1AF616066336}.Debug|Any CPU.ActiveCfg = Debug|Any CPU
		{7E74292E-76FF-4DF6-89A9-1AF616066336}.Debug|Any CPU.Build.0 = Debug|Any CPU
		{7E74292E-76FF-4DF6-89A9-1AF616066336}.Release|Any CPU.ActiveCfg = Release|Any CPU
		{7E74292E-76FF-4DF6-89A9-1AF616066336}.Release|Any CPU.Build.0 = Release|Any CPU
		{262CB273-36BE-463A-8204-3321CF208A04}.Debug|Any CPU.ActiveCfg = Debug|Any CPU
		{262CB273-36BE-463A-8204-3321CF208A04}.Debug|Any CPU.Build.0 = Debug|Any CPU
		{262CB273-36BE-463A-8204-3321CF208A04}.Release|Any CPU.ActiveCfg = Release|Any CPU
		{262CB273-36BE-463A-8204-3321CF208A04}.Release|Any CPU.Build.0 = Release|Any CPU
		{B89B3D29-A0DA-42E1-9820-7CFDE11CDAAE}.Debug|Any CPU.ActiveCfg = Debug|Any CPU
		{B89B3D29-A0DA-42E1-9820-7CFDE11CDAAE}.Debug|Any CPU.Build.0 = Debug|Any CPU
		{B89B3D29-A0DA-42E1-9820-7CFDE11CDAAE}.Release|Any CPU.ActiveCfg = Release|Any CPU
		{B89B3D29-A0DA-42E1-9820-7CFDE11CDAAE}.Release|Any CPU.Build.0 = Release|Any CPU
	EndGlobalSection
	GlobalSection(SolutionProperties) = preSolution
		HideSolutionNode = FALSE
	EndGlobalSection
	GlobalSection(NestedProjects) = preSolution
		{FFBDA89E-A592-491E-B456-195C20D9921A} = {92EB883D-389C-44F7-B4FE-6A09E00076C3}
		{D5531078-CCB0-4D08-B3D6-99EB8EC7EA91} = {46171B1C-64BA-444D-952F-70B875E4F072}
		{A649E251-1100-40A2-A9DA-71B6C3C74F95} = {46171B1C-64BA-444D-952F-70B875E4F072}
		{0BACA74E-A1E8-4D20-81D8-4E6DE275ADFF} = {46171B1C-64BA-444D-952F-70B875E4F072}
		{8015FD26-013E-4AF8-879B-EA4FCF55D008} = {46171B1C-64BA-444D-952F-70B875E4F072}
		{26609CBC-FAD3-44C1-ADD0-F73BD9C97814} = {46171B1C-64BA-444D-952F-70B875E4F072}
		{AE9907A7-F735-4928-BDF3-A981C7E8C192} = {7214DABB-FF38-4C11-B993-649E894CAFA8}
		{23F6CE82-A09C-4910-83FA-C9F1156DDE5D} = {46171B1C-64BA-444D-952F-70B875E4F072}
		{50399CD1-27A5-4D25-A2F2-408774E2C07C} = {23F6CE82-A09C-4910-83FA-C9F1156DDE5D}
		{172C1552-4108-4D28-85F5-B70692467FA9} = {23F6CE82-A09C-4910-83FA-C9F1156DDE5D}
		{B36BB774-78DF-40B9-9926-81757796673B} = {23F6CE82-A09C-4910-83FA-C9F1156DDE5D}
		{7E74292E-76FF-4DF6-89A9-1AF616066336} = {23F6CE82-A09C-4910-83FA-C9F1156DDE5D}
		{262CB273-36BE-463A-8204-3321CF208A04} = {23F6CE82-A09C-4910-83FA-C9F1156DDE5D}
		{B89B3D29-A0DA-42E1-9820-7CFDE11CDAAE} = {46171B1C-64BA-444D-952F-70B875E4F072}
	EndGlobalSection
	GlobalSection(ExtensibilityGlobals) = postSolution
		SolutionGuid = {958716EA-0216-464C-A908-38DBE270B61F}
	EndGlobalSection
EndGlobal
